
Microsoft Visual Studio Solution File, Format Version 12.00
# Visual Studio Version 16
VisualStudioVersion = 16.0.30907.101
MinimumVisualStudioVersion = 10.0.40219.1
Project("{FAE04EC0-301F-11D3-BF4B-00C04F79EFBC}") = "CotizacionBCU.Tests", "CotizacionBCU.Tests\CotizacionBCU.Tests.csproj", "{0B7DBA24-3E60-4442-9D61-E2AB5B6F4C0F}"
EndProject
Project("{9A19103F-16F7-4668-BE54-9A1E7A4F7556}") = "CotizacionBCU.NetStandard", "CotizacionBCU.NetStandard\CotizacionBCU.NetStandard.csproj", "{C9C6286A-09B8-410D-8B0C-E943010EE2EE}"
EndProject
Global
	GlobalSection(SolutionConfigurationPlatforms) = preSolution
		Debug|Any CPU = Debug|Any CPU
		Release|Any CPU = Release|Any CPU
	EndGlobalSection
	GlobalSection(ProjectConfigurationPlatforms) = postSolution
		{0B7DBA24-3E60-4442-9D61-E2AB5B6F4C0F}.Debug|Any CPU.ActiveCfg = Debug|Any CPU
		{0B7DBA24-3E60-4442-9D61-E2AB5B6F4C0F}.Debug|Any CPU.Build.0 = Debug|Any CPU
		{0B7DBA24-3E60-4442-9D61-E2AB5B6F4C0F}.Release|Any CPU.ActiveCfg = Release|Any CPU
		{0B7DBA24-3E60-4442-9D61-E2AB5B6F4C0F}.Release|Any CPU.Build.0 = Release|Any CPU
		{C9C6286A-09B8-410D-8B0C-E943010EE2EE}.Debug|Any CPU.ActiveCfg = Debug|Any CPU
		{C9C6286A-09B8-410D-8B0C-E943010EE2EE}.Debug|Any CPU.Build.0 = Debug|Any CPU
		{C9C6286A-09B8-410D-8B0C-E943010EE2EE}.Release|Any CPU.ActiveCfg = Release|Any CPU
		{C9C6286A-09B8-410D-8B0C-E943010EE2EE}.Release|Any CPU.Build.0 = Release|Any CPU
	EndGlobalSection
	GlobalSection(SolutionProperties) = preSolution
		HideSolutionNode = FALSE
	EndGlobalSection
	GlobalSection(ExtensibilityGlobals) = postSolution
		SolutionGuid = {ABCDEBEE-869C-4EFF-935F-420DF1A0C39E}
	EndGlobalSection
EndGlobal
