
Microsoft Visual Studio Solution File, Format Version 12.00
# Visual Studio Version 16
VisualStudioVersion = 16.0.30907.101
MinimumVisualStudioVersion = 10.0.40219.1
Project("{FAE04EC0-301F-11D3-BF4B-00C04F79EFBC}") = "CotizacionBCU", "CotizacionBCU\CotizacionBCU.csproj", "{B14710E3-5747-459C-BFAE-B656DE00591F}"
EndProject
Project("{FAE04EC0-301F-11D3-BF4B-00C04F79EFBC}") = "CotizacionBCU.Tests", "CotizacionBCU.Tests\CotizacionBCU.Tests.csproj", "{0B7DBA24-3E60-4442-9D61-E2AB5B6F4C0F}"
EndProject
Global
	GlobalSection(SolutionConfigurationPlatforms) = preSolution
		Debug|Any CPU = Debug|Any CPU
		Release|Any CPU = Release|Any CPU
	EndGlobalSection
	GlobalSection(ProjectConfigurationPlatforms) = postSolution
		{B14710E3-5747-459C-BFAE-B656DE00591F}.Debug|Any CPU.ActiveCfg = Debug|Any CPU
		{B14710E3-5747-459C-BFAE-B656DE00591F}.Debug|Any CPU.Build.0 = Debug|Any CPU
		{B14710E3-5747-459C-BFAE-B656DE00591F}.Release|Any CPU.ActiveCfg = Release|Any CPU
		{B14710E3-5747-459C-BFAE-B656DE00591F}.Release|Any CPU.Build.0 = Release|Any CPU
		{0B7DBA24-3E60-4442-9D61-E2AB5B6F4C0F}.Debug|Any CPU.ActiveCfg = Debug|Any CPU
		{0B7DBA24-3E60-4442-9D61-E2AB5B6F4C0F}.Debug|Any CPU.Build.0 = Debug|Any CPU
		{0B7DBA24-3E60-4442-9D61-E2AB5B6F4C0F}.Release|Any CPU.ActiveCfg = Release|Any CPU
		{0B7DBA24-3E60-4442-9D61-E2AB5B6F4C0F}.Release|Any CPU.Build.0 = Release|Any CPU
	EndGlobalSection
	GlobalSection(SolutionProperties) = preSolution
		HideSolutionNode = FALSE
	EndGlobalSection
	GlobalSection(ExtensibilityGlobals) = postSolution
		SolutionGuid = {ABCDEBEE-869C-4EFF-935F-420DF1A0C39E}
	EndGlobalSection
EndGlobal
